
Microsoft Visual Studio Solution File, Format Version 12.00
# Visual Studio Version 17
VisualStudioVersion = 17.7.34018.315
MinimumVisualStudioVersion = 10.0.40219.1
Project("{FAE04EC0-301F-11D3-BF4B-00C04F79EFBC}") = "Ejercicio_2", "Ejercicio_2\Ejercicio_2.csproj", "{DEBC02F0-E013-40A2-965B-21E6A4D7864B}"
EndProject
Global
	GlobalSection(SolutionConfigurationPlatforms) = preSolution
		Debug|Any CPU = Debug|Any CPU
		Release|Any CPU = Release|Any CPU
	EndGlobalSection
	GlobalSection(ProjectConfigurationPlatforms) = postSolution
		{DEBC02F0-E013-40A2-965B-21E6A4D7864B}.Debug|Any CPU.ActiveCfg = Debug|Any CPU
		{DEBC02F0-E013-40A2-965B-21E6A4D7864B}.Debug|Any CPU.Build.0 = Debug|Any CPU
		{DEBC02F0-E013-40A2-965B-21E6A4D7864B}.Release|Any CPU.ActiveCfg = Release|Any CPU
		{DEBC02F0-E013-40A2-965B-21E6A4D7864B}.Release|Any CPU.Build.0 = Release|Any CPU
	EndGlobalSection
	GlobalSection(SolutionProperties) = preSolution
		HideSolutionNode = FALSE
	EndGlobalSection
	GlobalSection(ExtensibilityGlobals) = postSolution
		SolutionGuid = {C5553FF4-F9AB-4BCB-98A7-693D1890AABE}
	EndGlobalSection
EndGlobal
